<?xml version="1.0" encoding="utf-8"?>
<Project ToolsVersion="4.0" xmlns="http://schemas.microsoft.com/developer/msbuild/2003">
  <ItemGroup>
    <Filter Include="Source Files">
      <UniqueIdentifier>{4FC737F1-C7A5-4376-A066-2A32D752A2FF}</UniqueIdentifier>
      <Extensions>cpp;c;cc;cxx;def;odl;idl;hpj;bat;asm;asmx</Extensions>
    </Filter>
    <Filter Include="Header Files">
      <UniqueIdentifier>{93995380-89BD-4b04-88EB-625FBE52EBFB}</UniqueIdentifier>
      <Extensions>h;hh;hpp;hxx;hm;inl;inc;xsd</Extensions>
    </Filter>
    <Filter Include="Resource Files">
      <UniqueIdentifier>{67DA6AB6-F800-4c08-8B7A-83BB121AAD01}</UniqueIdentifier>
      <Extensions>rc;ico;cur;bmp;dlg;rc2;rct;bin;rgs;gif;jpg;jpeg;jpe;resx;tiff;tif;png;wav;mfcribbon-ms</Extensions>
    </Filter>
    <Filter Include="Entity Systems">
      <UniqueIdentifier>{4e2ead2c-6665-440e-b749-f9cc2e57a27f}</UniqueIdentifier>
    </Filter>
    <Filter Include="World">
      <UniqueIdentifier>{1113599f-4866-48e3-aced-23d55889f644}</UniqueIdentifier>
    </Filter>
    <Filter Include="System">
      <UniqueIdentifier>{616b0edd-a4c6-41d2-8a49-60cc03db7d28}</UniqueIdentifier>
    </Filter>
    <Filter Include="Entity Systems\Components">
      <UniqueIdentifier>{d22058b6-8d6f-4193-953f-e60767c4a283}</UniqueIdentifier>
    </Filter>
    <Filter Include="Threading">
      <UniqueIdentifier>{6990fb66-9313-461e-ab14-1fac8d9451ab}</UniqueIdentifier>
    </Filter>
    <Filter Include="HACKS">
      <UniqueIdentifier>{99436bc8-ab31-4669-98f7-5987f14e2853}</UniqueIdentifier>
    </Filter>
    <Filter Include="Scheduling">
      <UniqueIdentifier>{5a0211c3-6c6d-4749-a1aa-66bdc72bd0df}</UniqueIdentifier>
    </Filter>
    <Filter Include="Gameplay">
      <UniqueIdentifier>{cf53e0af-ac13-4bb4-a9c5-3deea80424ed}</UniqueIdentifier>
    </Filter>
    <Filter Include="Gameplay\Systems">
      <UniqueIdentifier>{2778bf55-1cf3-4fdf-bf78-fc78efd25473}</UniqueIdentifier>
    </Filter>
    <Filter Include="Gameplay\Systems\Propagation">
      <UniqueIdentifier>{bccce07c-ea06-45bc-beb2-5a2fd4fb080a}</UniqueIdentifier>
    </Filter>
    <Filter Include="Containers">
      <UniqueIdentifier>{1bcb1b79-51ca-496f-bcf2-4bda927b0c1e}</UniqueIdentifier>
    </Filter>
    <Filter Include="Threading\Thread Pool">
      <UniqueIdentifier>{e64d1dd0-468f-4393-ba59-6f3a7163eb80}</UniqueIdentifier>
    </Filter>
    <Filter Include="Profiling">
      <UniqueIdentifier>{3e4d1adc-df0c-449f-aeb9-5257dc3adf5d}</UniqueIdentifier>
    </Filter>
    <Filter Include="Containers\Locking">
      <UniqueIdentifier>{887163e0-3c1a-4bb4-be07-c948450b7370}</UniqueIdentifier>
    </Filter>
    <Filter Include="Containers\Lockless">
      <UniqueIdentifier>{6ca8beed-ceaa-48bd-a961-783a75eece17}</UniqueIdentifier>
    </Filter>
    <Filter Include="Entity Systems\Systems">
      <UniqueIdentifier>{69d56498-fc55-4d34-87b0-2b99447268ba}</UniqueIdentifier>
    </Filter>
    <Filter Include="Gameplay\Game State">
      <UniqueIdentifier>{c1470f0d-86b2-4406-81ee-86ac6a935484}</UniqueIdentifier>
    </Filter>
    <Filter Include="Threading\Task System">
      <UniqueIdentifier>{4fd1ee46-b595-446a-9178-4bf160d57e72}</UniqueIdentifier>
    </Filter>
    <Filter Include="Threading\Utilities">
      <UniqueIdentifier>{7b8c4741-ac45-4b9e-8c94-5856a2ca2eb5}</UniqueIdentifier>
    </Filter>
  </ItemGroup>
  <ItemGroup>
    <ClCompile Include="main.cpp">
      <Filter>Source Files</Filter>
    </ClCompile>
    <ClCompile Include="StableHeaders.cpp">
      <Filter>Source Files</Filter>
    </ClCompile>
    <ClCompile Include="GO_AssertMutex.cpp">
      <Filter>Threading</Filter>
    </ClCompile>
    <ClCompile Include="GO_Entity.cpp">
      <Filter>Entity Systems</Filter>
    </ClCompile>
    <ClCompile Include="GO_EntityComponent.cpp">
      <Filter>Entity Systems</Filter>
    </ClCompile>
    <ClCompile Include="GO_World.cpp">
      <Filter>World</Filter>
    </ClCompile>
    <ClCompile Include="GO_StatusEffectComponent.cpp">
      <Filter>Entity Systems\Components</Filter>
    </ClCompile>
    <ClCompile Include="GO_SpriteComponent.cpp">
      <Filter>Entity Systems\Components</Filter>
    </ClCompile>
    <ClCompile Include="GO_GameInstance.cpp">
      <Filter>System</Filter>
    </ClCompile>
    <ClCompile Include="GO_HacksGlobalResources.cpp">
      <Filter>HACKS</Filter>
    </ClCompile>
    <ClCompile Include="GO_TaskScheduler.cpp">
      <Filter>Scheduling</Filter>
    </ClCompile>
    <ClCompile Include="GO_ComponentUpdater.cpp">
      <Filter>Scheduling</Filter>
    </ClCompile>
    <ClCompile Include="GO_PropagationMatrix.cpp">
      <Filter>Gameplay\Systems\Propagation</Filter>
    </ClCompile>
    <ClCompile Include="GO_PropagationRow.cpp">
      <Filter>Gameplay\Systems\Propagation</Filter>
    </ClCompile>
    <ClCompile Include="GO_PropagationCell.cpp">
      <Filter>Gameplay\Systems\Propagation</Filter>
    </ClCompile>
    <ClCompile Include="GO_Thread.cpp">
      <Filter>Threading</Filter>
    </ClCompile>
    <ClCompile Include="GO_UniformThreadGroup.cpp">
      <Filter>Threading</Filter>
    </ClCompile>
    <ClCompile Include="GO_ThreadPool.cpp">
      <Filter>Threading\Thread Pool</Filter>
    </ClCompile>
    <ClCompile Include="GO_Profiler.cpp">
      <Filter>Profiling</Filter>
    </ClCompile>
    <ClCompile Include="GO_ProfilerRenderer.cpp">
      <Filter>Profiling</Filter>
    </ClCompile>
    <ClCompile Include="GO_MovementCalculationSystem.cpp">
      <Filter>Entity Systems\Systems</Filter>
    </ClCompile>
    <ClCompile Include="GO_GameStateChange.cpp">
      <Filter>Gameplay\Game State</Filter>
    </ClCompile>
    <ClCompile Include="GO_MovementApplySystem.cpp">
      <Filter>Entity Systems\Systems</Filter>
    </ClCompile>
    <ClCompile Include="GO_TaskSchedulerNew.cpp">
      <Filter>Threading\Task System</Filter>
    </ClCompile>
    <ClCompile Include="GO_EventBroker.cpp">
      <Filter>World</Filter>
    </ClCompile>
    <ClCompile Include="GO_CalculateCombatDamageSystem.cpp">
      <Filter>Entity Systems\Systems</Filter>
    </ClCompile>
  </ItemGroup>
  <ItemGroup>
    <ClInclude Include="StableHeaders.h">
      <Filter>Header Files</Filter>
    </ClInclude>
    <ClInclude Include="GO_Assert.h">
      <Filter>Header Files</Filter>
    </ClInclude>
    <ClInclude Include="GO_AssertMutex.h">
      <Filter>Threading</Filter>
    </ClInclude>
    <ClInclude Include="GO_Entity.h">
      <Filter>Entity Systems</Filter>
    </ClInclude>
    <ClInclude Include="GO_EntityComponent.h">
      <Filter>Entity Systems</Filter>
    </ClInclude>
    <ClInclude Include="GO_World.h">
      <Filter>World</Filter>
    </ClInclude>
    <ClInclude Include="GO_StatusEffectComponent.h">
      <Filter>Entity Systems\Components</Filter>
    </ClInclude>
    <ClInclude Include="GO_SpriteComponent.h">
      <Filter>Entity Systems\Components</Filter>
    </ClInclude>
    <ClInclude Include="GO_GameInstance.h">
      <Filter>System</Filter>
    </ClInclude>
    <ClInclude Include="GO_HacksGlobalResources.h">
      <Filter>HACKS</Filter>
    </ClInclude>
    <ClInclude Include="GO_Gameworks.h">
      <Filter>System</Filter>
    </ClInclude>
    <ClInclude Include="GO_TaskScheduler.h">
      <Filter>Scheduling</Filter>
    </ClInclude>
    <ClInclude Include="GO_ComponentUpdater.h">
      <Filter>Scheduling</Filter>
    </ClInclude>
    <ClInclude Include="GO_RandomMovementComponent.h">
      <Filter>Entity Systems\Components</Filter>
    </ClInclude>
    <ClInclude Include="GO_PropagationMatrix.h">
      <Filter>Gameplay\Systems\Propagation</Filter>
    </ClInclude>
    <ClInclude Include="GO_PropagationRow.h">
      <Filter>Gameplay\Systems\Propagation</Filter>
    </ClInclude>
    <ClInclude Include="GO_PropagationCell.h">
      <Filter>Gameplay\Systems\Propagation</Filter>
    </ClInclude>
    <ClInclude Include="GO_Thread.h">
      <Filter>Threading</Filter>
    </ClInclude>
    <ClInclude Include="GO_UniformThreadGroup.h">
      <Filter>Threading</Filter>
    </ClInclude>
    <ClInclude Include="GO_ThreadPool.h">
      <Filter>Threading\Thread Pool</Filter>
    </ClInclude>
    <ClInclude Include="GO_ThreadJoiner.h">
      <Filter>Threading</Filter>
    </ClInclude>
    <ClInclude Include="GO_Profiler.h">
      <Filter>Profiling</Filter>
    </ClInclude>
    <ClInclude Include="GO_ProfilerRenderer.h">
      <Filter>Profiling</Filter>
    </ClInclude>
    <ClInclude Include="GO_ProfilerTags.h">
      <Filter>Profiling</Filter>
    </ClInclude>
    <ClInclude Include="GO_HealthComponent.h">
      <Filter>Entity Systems\Components</Filter>
    </ClInclude>
    <ClInclude Include="GO_MovementComponent.h">
      <Filter>Entity Systems\Components</Filter>
    </ClInclude>
    <ClInclude Include="GO_LockingThreadSafeQueue.h">
      <Filter>Containers\Locking</Filter>
    </ClInclude>
    <ClInclude Include="GO_ThreadSafeQueue.h">
      <Filter>Containers\Lockless</Filter>
    </ClInclude>
    <ClInclude Include="GO_MovementCalculationSystem.h">
      <Filter>Entity Systems\Systems</Filter>
    </ClInclude>
    <ClInclude Include="GO_GameStateChange.h">
      <Filter>Gameplay\Game State</Filter>
    </ClInclude>
    <ClInclude Include="GO_MovementApplySystem.h">
      <Filter>Entity Systems\Systems</Filter>
    </ClInclude>
    <ClInclude Include="main.h">
      <Filter>Header Files</Filter>
    </ClInclude>
    <ClInclude Include="GO_TaskSchedulerNew.h">
      <Filter>Threading\Task System</Filter>
    </ClInclude>
    <ClInclude Include="GO_GameUpdateSystem.h">
      <Filter>Entity Systems\Systems</Filter>
    </ClInclude>
    <ClInclude Include="GO_TaskIdentifiers.h">
      <Filter>Entity Systems\Systems</Filter>
    </ClInclude>
    <ClInclude Include="GO_EventBroker.h">
      <Filter>Header Files</Filter>
    </ClInclude>
    <ClInclude Include="GO_CalculateCombatDamageSystem.h">
      <Filter>Entity Systems\Systems</Filter>
    </ClInclude>
    <ClInclude Include="GO_ThreadUtils.h">
      <Filter>Threading\Utilities</Filter>
    </ClInclude>
  </ItemGroup>
</Project>